lockfileVersion: '9.0'

settings:
  autoInstallPeers: true
  excludeLinksFromLockfile: false

importers:

  .:
    dependencies:
      '@types/node':
        specifier: ^22.10.1
        version: 22.19.1
      mitata:
        specifier: ^1.0.20
        version: 1.0.34
      yalps:
        specifier: ^0.6.3
        version: 0.6.3

packages:

  '@types/node@22.19.1':
    resolution: {integrity: sha512-LCCV0HdSZZZb34qifBsyWlUmok6W7ouER+oQIGBScS8EsZsQbrtFTUrDX4hOl+CS6p7cnNC4td+qrSVGSCTUfQ==}

  heap@0.2.7:
    resolution: {integrity: sha512-2bsegYkkHO+h/9MGbn6KWcE45cHZgPANo5LXF7EvWdT0yT2EguSVO1nDgU5c8+ZOPwp2vMNa7YFsJhVcDR9Sdg==}

  mitata@1.0.34:
    resolution: {integrity: sha512-Mc3zrtNBKIMeHSCQ0XqRLo1vbdIx1wvFV9c8NJAiyho6AjNfMY8bVhbS12bwciUdd1t4rj8099CH3N3NFahaUA==}

  undici-types@6.21.0:
    resolution: {integrity: sha512-iwDZqg0QAGrg9Rav5H4n0M64c3mkR59cJ6wQp+7C4nI0gsmExaedaYLNO44eT4AtBBwjbTiGPMlt2Md0T9H9JQ==}

  yalps@0.6.3:
    resolution: {integrity: sha512-XS1Sb3uejyNMu/Bl+3ZdI4VZGJKT6JSoSDYcLFlapOUy0wJPN9h+XDXAY8xeFk0bQFdEMIOGNAN2/jht4XSJKA==}

snapshots:

  '@types/node@22.19.1':
    dependencies:
      undici-types: 6.21.0

  heap@0.2.7: {}

  mitata@1.0.34: {}

  undici-types@6.21.0: {}

  yalps@0.6.3:
    dependencies:
      heap: 0.2.7
